
Microsoft Visual Studio Solution File, Format Version 12.00
# Visual Studio Version 17
VisualStudioVersion = 17.0.31903.59
MinimumVisualStudioVersion = 10.0.40219.1
Project("{2150E333-8FDC-42A3-9474-1A3956D46DE8}") = "text", "text", "{A547A63E-8D7A-4E5B-ACE2-BEE634E194DE}"
EndProject
Project("{9A19103F-16F7-4668-BE54-9A1E7A4F7556}") = "Squidex.Text", "text\Squidex.Text\Squidex.Text.csproj", "{E4A3801B-40B3-4794-840B-9841A45FA8FD}"
EndProject
Project("{9A19103F-16F7-4668-BE54-9A1E7A4F7556}") = "Squidex.Text.Tests", "text\Squidex.Text.Tests\Squidex.Text.Tests.csproj", "{D435A0DF-60B3-4F9D-A23F-EB51A8435AEF}"
EndProject
Project("{2150E333-8FDC-42A3-9474-1A3956D46DE8}") = "hosting", "hosting", "{39C995C3-B2C0-45FD-9686-4620A9F92677}"
EndProject
Project("{9A19103F-16F7-4668-BE54-9A1E7A4F7556}") = "Squidex.Hosting", "hosting\Squidex.Hosting\Squidex.Hosting.csproj", "{F3F14E6B-DFC9-45AA-A8A3-BA061D134E5E}"
EndProject
Project("{9A19103F-16F7-4668-BE54-9A1E7A4F7556}") = "Squidex.Hosting.Abstractions", "hosting\Squidex.Hosting.Abstractions\Squidex.Hosting.Abstractions.csproj", "{F6564F0D-F63D-42A8-B1F2-FECF07309174}"
EndProject
Project("{9A19103F-16F7-4668-BE54-9A1E7A4F7556}") = "Squidex.Hosting.TestRunner", "hosting\Squidex.Hosting.TestRunner\Squidex.Hosting.TestRunner.csproj", "{19886529-479B-4166-8C49-1B4304EE8469}"
EndProject
Project("{9A19103F-16F7-4668-BE54-9A1E7A4F7556}") = "Squidex.Hosting.Tests", "hosting\Squidex.Hosting.Tests\Squidex.Hosting.Tests.csproj", "{87EB4749-78E0-49A7-9364-B0FD65358DE0}"
EndProject
Project("{2150E333-8FDC-42A3-9474-1A3956D46DE8}") = "log", "log", "{576880B0-A648-40EC-ACE1-7C98752FFF00}"
EndProject
Project("{9A19103F-16F7-4668-BE54-9A1E7A4F7556}") = "Squidex.Log", "log\Squidex.Log\Squidex.Log.csproj", "{A830F88B-B120-4F14-85B5-167C142146C4}"
EndProject
Project("{9A19103F-16F7-4668-BE54-9A1E7A4F7556}") = "Squidex.Log.Tests", "log\Squidex.Log.Tests\Squidex.Log.Tests.csproj", "{FA4949E4-B48C-47A6-B5E4-60039063EC03}"
EndProject
Project("{2150E333-8FDC-42A3-9474-1A3956D46DE8}") = "messaging", "messaging", "{28B7D0BB-1971-4802-BC40-28297D644B26}"
EndProject
Project("{9A19103F-16F7-4668-BE54-9A1E7A4F7556}") = "Squidex.Messaging", "messaging\Squidex.Messaging\Squidex.Messaging.csproj", "{A85ECE5A-AD79-46C2-9859-B22244D70B8F}"
EndProject
Project("{9A19103F-16F7-4668-BE54-9A1E7A4F7556}") = "Squidex.Messaging.All", "messaging\Squidex.Messaging.All\Squidex.Messaging.All.csproj", "{8F60DA58-14AD-4252-821D-903C74BAF7C7}"
EndProject
Project("{9A19103F-16F7-4668-BE54-9A1E7A4F7556}") = "Squidex.Messaging.GoogleCloud", "messaging\Squidex.Messaging.GoogleCloud\Squidex.Messaging.GoogleCloud.csproj", "{02E75A8A-722A-4EF0-8323-9346CCE8131F}"
EndProject
Project("{9A19103F-16F7-4668-BE54-9A1E7A4F7556}") = "Squidex.Messaging.Kafka", "messaging\Squidex.Messaging.Kafka\Squidex.Messaging.Kafka.csproj", "{12CCCE8E-22C0-4B3D-A627-D5E16AED0FE8}"
EndProject
Project("{9A19103F-16F7-4668-BE54-9A1E7A4F7556}") = "Squidex.Messaging.Mongo", "messaging\Squidex.Messaging.Mongo\Squidex.Messaging.Mongo.csproj", "{32277F23-625A-4390-AC10-951BDC4EEF92}"
EndProject
Project("{9A19103F-16F7-4668-BE54-9A1E7A4F7556}") = "Squidex.Messaging.RabbitMq", "messaging\Squidex.Messaging.RabbitMq\Squidex.Messaging.RabbitMq.csproj", "{1CA0326B-82A4-437E-8B7A-06BBC72BCDFE}"
EndProject
Project("{9A19103F-16F7-4668-BE54-9A1E7A4F7556}") = "Squidex.Messaging.Redis", "messaging\Squidex.Messaging.Redis\Squidex.Messaging.Redis.csproj", "{B29516FF-08E3-45C3-A127-ADA72F771375}"
EndProject
Project("{9A19103F-16F7-4668-BE54-9A1E7A4F7556}") = "Squidex.Messaging.Subscriptions", "messaging\Squidex.Messaging.Subscriptions\Squidex.Messaging.Subscriptions.csproj", "{1C783753-4AF3-481F-A11D-640A92D64B47}"
EndProject
Project("{2150E333-8FDC-42A3-9474-1A3956D46DE8}") = "caching", "caching", "{388AA38D-B40C-4D92-8B4E-89FB85E4E495}"
EndProject
Project("{9A19103F-16F7-4668-BE54-9A1E7A4F7556}") = "Squidex.Caching", "caching\Squidex.Caching\Squidex.Caching.csproj", "{B4363C63-6E2E-4B1F-8B91-99C932D239AD}"
EndProject
Project("{9A19103F-16F7-4668-BE54-9A1E7A4F7556}") = "Squidex.Caching.Tests", "caching\Squidex.Caching.Tests\Squidex.Caching.Tests.csproj", "{ECAA13A1-45A2-4821-9A26-2E7F274925E6}"
EndProject
Project("{2150E333-8FDC-42A3-9474-1A3956D46DE8}") = "assets", "assets", "{C857F3ED-A6AE-47C6-A115-87ECCB36AC02}"
EndProject
Project("{9A19103F-16F7-4668-BE54-9A1E7A4F7556}") = "Benchmarks", "assets\Benchmarks\Benchmarks.csproj", "{CD8FFFA2-482E-4720-85B1-636B8693C730}"
EndProject
Project("{9A19103F-16F7-4668-BE54-9A1E7A4F7556}") = "Squidex.Assets", "assets\Squidex.Assets\Squidex.Assets.csproj", "{41E66682-EE7B-4344-BDE1-FB24EBD131BC}"
EndProject
Project("{9A19103F-16F7-4668-BE54-9A1E7A4F7556}") = "Squidex.Assets.Azure", "assets\Squidex.Assets.Azure\Squidex.Assets.Azure.csproj", "{6AE0BD56-83C5-490B-BEB5-0CEFC2F82F80}"
EndProject
Project("{9A19103F-16F7-4668-BE54-9A1E7A4F7556}") = "Squidex.Assets.GoogleCloud", "assets\Squidex.Assets.GoogleCloud\Squidex.Assets.GoogleCloud.csproj", "{2089DB36-EA45-4B43-A890-50CFBE08BEEC}"
EndProject
Project("{9A19103F-16F7-4668-BE54-9A1E7A4F7556}") = "Squidex.Assets.FTP", "assets\Squidex.Assets.FTP\Squidex.Assets.FTP.csproj", "{910D7EC6-F60D-4DE6-BDD6-4BBFC2755E73}"
EndProject
Project("{9A19103F-16F7-4668-BE54-9A1E7A4F7556}") = "Squidex.Assets.ImageMagick", "assets\Squidex.Assets.ImageMagick\Squidex.Assets.ImageMagick.csproj", "{03158C74-6AA3-43D6-BBD1-DE8072AC67D6}"
EndProject
Project("{9A19103F-16F7-4668-BE54-9A1E7A4F7556}") = "Squidex.Assets.ImageSharp", "assets\Squidex.Assets.ImageSharp\Squidex.Assets.ImageSharp.csproj", "{F73D6CB8-C728-4B42-8085-68C840515C71}"
EndProject
Project("{9A19103F-16F7-4668-BE54-9A1E7A4F7556}") = "Squidex.Assets.Mongo", "assets\Squidex.Assets.Mongo\Squidex.Assets.Mongo.csproj", "{ACCAEB5A-FA4D-459A-90E0-8B4154FB5BE9}"
EndProject
Project("{9A19103F-16F7-4668-BE54-9A1E7A4F7556}") = "Squidex.Assets.ResizeService", "assets\Squidex.Assets.ResizeService\Squidex.Assets.ResizeService.csproj", "{914AEAFC-955A-4F0A-ACBB-F5BFB0A947D3}"
EndProject
Project("{9A19103F-16F7-4668-BE54-9A1E7A4F7556}") = "Squidex.Assets.S3", "assets\Squidex.Assets.S3\Squidex.Assets.S3.csproj", "{8FC2C5D1-F3C5-4C1B-B544-C31117350066}"
EndProject
Project("{9A19103F-16F7-4668-BE54-9A1E7A4F7556}") = "Squidex.Assets.TusAdapter", "assets\Squidex.Assets.TusAdapter\Squidex.Assets.TusAdapter.csproj", "{80542EFC-E04D-496F-ABCB-54D5B4DA0199}"
EndProject
Project("{9A19103F-16F7-4668-BE54-9A1E7A4F7556}") = "Squidex.Assets.TusClient", "assets\Squidex.Assets.TusClient\Squidex.Assets.TusClient.csproj", "{27DD4714-3510-4182-AB3A-C1305EDA57DA}"
EndProject
Project("{9A19103F-16F7-4668-BE54-9A1E7A4F7556}") = "TusTestServer", "assets\TusTestServer\TusTestServer.csproj", "{04F2D248-DDF2-4B53-BF03-904F204CD696}"
EndProject
Project("{9A19103F-16F7-4668-BE54-9A1E7A4F7556}") = "Squidex.Messaging.Tests", "messaging\Squidex.Messaging.Tests\Squidex.Messaging.Tests.csproj", "{416E866B-8B41-4B5C-B919-8162C8044534}"
EndProject
Project("{9A19103F-16F7-4668-BE54-9A1E7A4F7556}") = "Squidex.Assets.Tests", "assets\Squidex.Assets.Tests\Squidex.Assets.Tests.csproj", "{B4461E6B-81ED-4C3D-86D6-03C2B367DB15}"
EndProject
Project("{2150E333-8FDC-42A3-9474-1A3956D46DE8}") = "ai", "ai", "{F18E275B-4805-4DCB-BE31-ACC314FB508E}"
EndProject
Project("{9A19103F-16F7-4668-BE54-9A1E7A4F7556}") = "Squidex.AI", "ai\Squidex.AI\Squidex.AI.csproj", "{A4EAB4B8-096D-4F4F-85E1-A1385B26680B}"
EndProject
Project("{9A19103F-16F7-4668-BE54-9A1E7A4F7556}") = "Squidex.AI.Tests", "ai\Squidex.AI.Tests\Squidex.AI.Tests.csproj", "{AD46BEF0-33C8-4994-B242-0D9E4C50488F}"
EndProject
Project("{9A19103F-16F7-4668-BE54-9A1E7A4F7556}") = "Squidex.AI.Mongo", "ai\Squidex.AI.Mongo\Squidex.AI.Mongo.csproj", "{98AE3491-7D34-498B-8A8F-14BDAAF37AD3}"
EndProject
Project("{9A19103F-16F7-4668-BE54-9A1E7A4F7556}") = "Squidex.AI.EntityFramework", "ai\Squidex.AI.EntityFramework\Squidex.AI.EntityFramework.csproj", "{F15850C7-D623-4CBE-ABE0-07D9822B9326}"
EndProject
Project("{9A19103F-16F7-4668-BE54-9A1E7A4F7556}") = "Squidex.Messaging.EntityFramework", "messaging\Squidex.Messaging.EntityFramework\Squidex.Messaging.EntityFramework.csproj", "{F653DF48-6ED7-45A0-B630-88E783202A64}"
EndProject
Project("{2150E333-8FDC-42A3-9474-1A3956D46DE8}") = "events", "events", "{94285572-6875-4A9C-AFC4-987758DC9088}"
EndProject
Project("{9A19103F-16F7-4668-BE54-9A1E7A4F7556}") = "Squidex.Events", "events\Squidex.Events\Squidex.Events.csproj", "{CD62FC9A-42CC-45C8-B3FC-CB72694AE037}"
EndProject
Project("{9A19103F-16F7-4668-BE54-9A1E7A4F7556}") = "Squidex.Events.EntityFramework", "events\Squidex.Events.EntityFramework\Squidex.Events.EntityFramework.csproj", "{5F4B51E1-0ADD-4C03-A93A-401BA86D08BA}"
EndProject
Project("{9A19103F-16F7-4668-BE54-9A1E7A4F7556}") = "Squidex.Events.Tests", "events\Squidex.Events.Tests\Squidex.Events.Tests.csproj", "{1E9B31E9-EA9D-4A82-B207-00E8B275EFD4}"
EndProject
Project("{9A19103F-16F7-4668-BE54-9A1E7A4F7556}") = "Squidex.Events.Mongo", "events\Squidex.Events.Mongo\Squidex.Events.Mongo.csproj", "{E36DAC0D-8A2D-49AA-B9C4-E74CAB0660B0}"
EndProject
Project("{9A19103F-16F7-4668-BE54-9A1E7A4F7556}") = "Squidex.Events.GetEventStore", "events\Squidex.Events.GetEventStore\Squidex.Events.GetEventStore.csproj", "{98156A5E-1B4A-46EF-AA84-019868425D80}"
EndProject
Project("{FAE04EC0-301F-11D3-BF4B-00C04F79EFBC}") = "Squidex.Assets.EntityFramework", "assets\Squidex.Assets.EntityFramework\Squidex.Assets.EntityFramework.csproj", "{C3D35ED4-8C81-449B-B732-3F0EE1FD6C7A}"
EndProject
Global
	GlobalSection(SolutionConfigurationPlatforms) = preSolution
		Debug|Any CPU = Debug|Any CPU
		Release|Any CPU = Release|Any CPU
	EndGlobalSection
	GlobalSection(ProjectConfigurationPlatforms) = postSolution
		{E4A3801B-40B3-4794-840B-9841A45FA8FD}.Debug|Any CPU.ActiveCfg = Debug|Any CPU
		{E4A3801B-40B3-4794-840B-9841A45FA8FD}.Debug|Any CPU.Build.0 = Debug|Any CPU
		{E4A3801B-40B3-4794-840B-9841A45FA8FD}.Release|Any CPU.ActiveCfg = Release|Any CPU
		{E4A3801B-40B3-4794-840B-9841A45FA8FD}.Release|Any CPU.Build.0 = Release|Any CPU
		{D435A0DF-60B3-4F9D-A23F-EB51A8435AEF}.Debug|Any CPU.ActiveCfg = Debug|Any CPU
		{D435A0DF-60B3-4F9D-A23F-EB51A8435AEF}.Debug|Any CPU.Build.0 = Debug|Any CPU
		{D435A0DF-60B3-4F9D-A23F-EB51A8435AEF}.Release|Any CPU.ActiveCfg = Release|Any CPU
		{D435A0DF-60B3-4F9D-A23F-EB51A8435AEF}.Release|Any CPU.Build.0 = Release|Any CPU
		{F3F14E6B-DFC9-45AA-A8A3-BA061D134E5E}.Debug|Any CPU.ActiveCfg = Debug|Any CPU
		{F3F14E6B-DFC9-45AA-A8A3-BA061D134E5E}.Debug|Any CPU.Build.0 = Debug|Any CPU
		{F3F14E6B-DFC9-45AA-A8A3-BA061D134E5E}.Release|Any CPU.ActiveCfg = Release|Any CPU
		{F3F14E6B-DFC9-45AA-A8A3-BA061D134E5E}.Release|Any CPU.Build.0 = Release|Any CPU
		{F6564F0D-F63D-42A8-B1F2-FECF07309174}.Debug|Any CPU.ActiveCfg = Debug|Any CPU
		{F6564F0D-F63D-42A8-B1F2-FECF07309174}.Debug|Any CPU.Build.0 = Debug|Any CPU
		{F6564F0D-F63D-42A8-B1F2-FECF07309174}.Release|Any CPU.ActiveCfg = Release|Any CPU
		{F6564F0D-F63D-42A8-B1F2-FECF07309174}.Release|Any CPU.Build.0 = Release|Any CPU
		{19886529-479B-4166-8C49-1B4304EE8469}.Debug|Any CPU.ActiveCfg = Debug|Any CPU
		{19886529-479B-4166-8C49-1B4304EE8469}.Debug|Any CPU.Build.0 = Debug|Any CPU
		{19886529-479B-4166-8C49-1B4304EE8469}.Release|Any CPU.ActiveCfg = Release|Any CPU
		{19886529-479B-4166-8C49-1B4304EE8469}.Release|Any CPU.Build.0 = Release|Any CPU
		{87EB4749-78E0-49A7-9364-B0FD65358DE0}.Debug|Any CPU.ActiveCfg = Debug|Any CPU
		{87EB4749-78E0-49A7-9364-B0FD65358DE0}.Debug|Any CPU.Build.0 = Debug|Any CPU
		{87EB4749-78E0-49A7-9364-B0FD65358DE0}.Release|Any CPU.ActiveCfg = Release|Any CPU
		{87EB4749-78E0-49A7-9364-B0FD65358DE0}.Release|Any CPU.Build.0 = Release|Any CPU
		{A830F88B-B120-4F14-85B5-167C142146C4}.Debug|Any CPU.ActiveCfg = Debug|Any CPU
		{A830F88B-B120-4F14-85B5-167C142146C4}.Debug|Any CPU.Build.0 = Debug|Any CPU
		{A830F88B-B120-4F14-85B5-167C142146C4}.Release|Any CPU.ActiveCfg = Release|Any CPU
		{A830F88B-B120-4F14-85B5-167C142146C4}.Release|Any CPU.Build.0 = Release|Any CPU
		{FA4949E4-B48C-47A6-B5E4-60039063EC03}.Debug|Any CPU.ActiveCfg = Debug|Any CPU
		{FA4949E4-B48C-47A6-B5E4-60039063EC03}.Debug|Any CPU.Build.0 = Debug|Any CPU
		{FA4949E4-B48C-47A6-B5E4-60039063EC03}.Release|Any CPU.ActiveCfg = Release|Any CPU
		{FA4949E4-B48C-47A6-B5E4-60039063EC03}.Release|Any CPU.Build.0 = Release|Any CPU
		{A85ECE5A-AD79-46C2-9859-B22244D70B8F}.Debug|Any CPU.ActiveCfg = Debug|Any CPU
		{A85ECE5A-AD79-46C2-9859-B22244D70B8F}.Debug|Any CPU.Build.0 = Debug|Any CPU
		{A85ECE5A-AD79-46C2-9859-B22244D70B8F}.Release|Any CPU.ActiveCfg = Release|Any CPU
		{A85ECE5A-AD79-46C2-9859-B22244D70B8F}.Release|Any CPU.Build.0 = Release|Any CPU
		{8F60DA58-14AD-4252-821D-903C74BAF7C7}.Debug|Any CPU.ActiveCfg = Debug|Any CPU
		{8F60DA58-14AD-4252-821D-903C74BAF7C7}.Debug|Any CPU.Build.0 = Debug|Any CPU
		{8F60DA58-14AD-4252-821D-903C74BAF7C7}.Release|Any CPU.ActiveCfg = Release|Any CPU
		{8F60DA58-14AD-4252-821D-903C74BAF7C7}.Release|Any CPU.Build.0 = Release|Any CPU
		{02E75A8A-722A-4EF0-8323-9346CCE8131F}.Debug|Any CPU.ActiveCfg = Debug|Any CPU
		{02E75A8A-722A-4EF0-8323-9346CCE8131F}.Debug|Any CPU.Build.0 = Debug|Any CPU
		{02E75A8A-722A-4EF0-8323-9346CCE8131F}.Release|Any CPU.ActiveCfg = Release|Any CPU
		{02E75A8A-722A-4EF0-8323-9346CCE8131F}.Release|Any CPU.Build.0 = Release|Any CPU
		{12CCCE8E-22C0-4B3D-A627-D5E16AED0FE8}.Debug|Any CPU.ActiveCfg = Debug|Any CPU
		{12CCCE8E-22C0-4B3D-A627-D5E16AED0FE8}.Debug|Any CPU.Build.0 = Debug|Any CPU
		{12CCCE8E-22C0-4B3D-A627-D5E16AED0FE8}.Release|Any CPU.ActiveCfg = Release|Any CPU
		{12CCCE8E-22C0-4B3D-A627-D5E16AED0FE8}.Release|Any CPU.Build.0 = Release|Any CPU
		{32277F23-625A-4390-AC10-951BDC4EEF92}.Debug|Any CPU.ActiveCfg = Debug|Any CPU
		{32277F23-625A-4390-AC10-951BDC4EEF92}.Debug|Any CPU.Build.0 = Debug|Any CPU
		{32277F23-625A-4390-AC10-951BDC4EEF92}.Release|Any CPU.ActiveCfg = Release|Any CPU
		{32277F23-625A-4390-AC10-951BDC4EEF92}.Release|Any CPU.Build.0 = Release|Any CPU
		{1CA0326B-82A4-437E-8B7A-06BBC72BCDFE}.Debug|Any CPU.ActiveCfg = Debug|Any CPU
		{1CA0326B-82A4-437E-8B7A-06BBC72BCDFE}.Debug|Any CPU.Build.0 = Debug|Any CPU
		{1CA0326B-82A4-437E-8B7A-06BBC72BCDFE}.Release|Any CPU.ActiveCfg = Release|Any CPU
		{1CA0326B-82A4-437E-8B7A-06BBC72BCDFE}.Release|Any CPU.Build.0 = Release|Any CPU
		{B29516FF-08E3-45C3-A127-ADA72F771375}.Debug|Any CPU.ActiveCfg = Debug|Any CPU
		{B29516FF-08E3-45C3-A127-ADA72F771375}.Debug|Any CPU.Build.0 = Debug|Any CPU
		{B29516FF-08E3-45C3-A127-ADA72F771375}.Release|Any CPU.ActiveCfg = Release|Any CPU
		{B29516FF-08E3-45C3-A127-ADA72F771375}.Release|Any CPU.Build.0 = Release|Any CPU
		{1C783753-4AF3-481F-A11D-640A92D64B47}.Debug|Any CPU.ActiveCfg = Debug|Any CPU
		{1C783753-4AF3-481F-A11D-640A92D64B47}.Debug|Any CPU.Build.0 = Debug|Any CPU
		{1C783753-4AF3-481F-A11D-640A92D64B47}.Release|Any CPU.ActiveCfg = Release|Any CPU
		{1C783753-4AF3-481F-A11D-640A92D64B47}.Release|Any CPU.Build.0 = Release|Any CPU
		{B4363C63-6E2E-4B1F-8B91-99C932D239AD}.Debug|Any CPU.ActiveCfg = Debug|Any CPU
		{B4363C63-6E2E-4B1F-8B91-99C932D239AD}.Debug|Any CPU.Build.0 = Debug|Any CPU
		{B4363C63-6E2E-4B1F-8B91-99C932D239AD}.Release|Any CPU.ActiveCfg = Release|Any CPU
		{B4363C63-6E2E-4B1F-8B91-99C932D239AD}.Release|Any CPU.Build.0 = Release|Any CPU
		{ECAA13A1-45A2-4821-9A26-2E7F274925E6}.Debug|Any CPU.ActiveCfg = Debug|Any CPU
		{ECAA13A1-45A2-4821-9A26-2E7F274925E6}.Debug|Any CPU.Build.0 = Debug|Any CPU
		{ECAA13A1-45A2-4821-9A26-2E7F274925E6}.Release|Any CPU.ActiveCfg = Release|Any CPU
		{ECAA13A1-45A2-4821-9A26-2E7F274925E6}.Release|Any CPU.Build.0 = Release|Any CPU
		{CD8FFFA2-482E-4720-85B1-636B8693C730}.Debug|Any CPU.ActiveCfg = Debug|Any CPU
		{CD8FFFA2-482E-4720-85B1-636B8693C730}.Debug|Any CPU.Build.0 = Debug|Any CPU
		{CD8FFFA2-482E-4720-85B1-636B8693C730}.Release|Any CPU.ActiveCfg = Release|Any CPU
		{CD8FFFA2-482E-4720-85B1-636B8693C730}.Release|Any CPU.Build.0 = Release|Any CPU
		{41E66682-EE7B-4344-BDE1-FB24EBD131BC}.Debug|Any CPU.ActiveCfg = Debug|Any CPU
		{41E66682-EE7B-4344-BDE1-FB24EBD131BC}.Debug|Any CPU.Build.0 = Debug|Any CPU
		{41E66682-EE7B-4344-BDE1-FB24EBD131BC}.Release|Any CPU.ActiveCfg = Release|Any CPU
		{41E66682-EE7B-4344-BDE1-FB24EBD131BC}.Release|Any CPU.Build.0 = Release|Any CPU
		{6AE0BD56-83C5-490B-BEB5-0CEFC2F82F80}.Debug|Any CPU.ActiveCfg = Debug|Any CPU
		{6AE0BD56-83C5-490B-BEB5-0CEFC2F82F80}.Debug|Any CPU.Build.0 = Debug|Any CPU
		{6AE0BD56-83C5-490B-BEB5-0CEFC2F82F80}.Release|Any CPU.ActiveCfg = Release|Any CPU
		{6AE0BD56-83C5-490B-BEB5-0CEFC2F82F80}.Release|Any CPU.Build.0 = Release|Any CPU
		{2089DB36-EA45-4B43-A890-50CFBE08BEEC}.Debug|Any CPU.ActiveCfg = Debug|Any CPU
		{2089DB36-EA45-4B43-A890-50CFBE08BEEC}.Debug|Any CPU.Build.0 = Debug|Any CPU
		{2089DB36-EA45-4B43-A890-50CFBE08BEEC}.Release|Any CPU.ActiveCfg = Release|Any CPU
		{2089DB36-EA45-4B43-A890-50CFBE08BEEC}.Release|Any CPU.Build.0 = Release|Any CPU
		{910D7EC6-F60D-4DE6-BDD6-4BBFC2755E73}.Debug|Any CPU.ActiveCfg = Debug|Any CPU
		{910D7EC6-F60D-4DE6-BDD6-4BBFC2755E73}.Debug|Any CPU.Build.0 = Debug|Any CPU
		{910D7EC6-F60D-4DE6-BDD6-4BBFC2755E73}.Release|Any CPU.ActiveCfg = Release|Any CPU
		{910D7EC6-F60D-4DE6-BDD6-4BBFC2755E73}.Release|Any CPU.Build.0 = Release|Any CPU
		{03158C74-6AA3-43D6-BBD1-DE8072AC67D6}.Debug|Any CPU.ActiveCfg = Debug|Any CPU
		{03158C74-6AA3-43D6-BBD1-DE8072AC67D6}.Debug|Any CPU.Build.0 = Debug|Any CPU
		{03158C74-6AA3-43D6-BBD1-DE8072AC67D6}.Release|Any CPU.ActiveCfg = Release|Any CPU
		{03158C74-6AA3-43D6-BBD1-DE8072AC67D6}.Release|Any CPU.Build.0 = Release|Any CPU
		{F73D6CB8-C728-4B42-8085-68C840515C71}.Debug|Any CPU.ActiveCfg = Debug|Any CPU
		{F73D6CB8-C728-4B42-8085-68C840515C71}.Debug|Any CPU.Build.0 = Debug|Any CPU
		{F73D6CB8-C728-4B42-8085-68C840515C71}.Release|Any CPU.ActiveCfg = Release|Any CPU
		{F73D6CB8-C728-4B42-8085-68C840515C71}.Release|Any CPU.Build.0 = Release|Any CPU
		{ACCAEB5A-FA4D-459A-90E0-8B4154FB5BE9}.Debug|Any CPU.ActiveCfg = Debug|Any CPU
		{ACCAEB5A-FA4D-459A-90E0-8B4154FB5BE9}.Debug|Any CPU.Build.0 = Debug|Any CPU
		{ACCAEB5A-FA4D-459A-90E0-8B4154FB5BE9}.Release|Any CPU.ActiveCfg = Release|Any CPU
		{ACCAEB5A-FA4D-459A-90E0-8B4154FB5BE9}.Release|Any CPU.Build.0 = Release|Any CPU
		{914AEAFC-955A-4F0A-ACBB-F5BFB0A947D3}.Debug|Any CPU.ActiveCfg = Debug|Any CPU
		{914AEAFC-955A-4F0A-ACBB-F5BFB0A947D3}.Debug|Any CPU.Build.0 = Debug|Any CPU
		{914AEAFC-955A-4F0A-ACBB-F5BFB0A947D3}.Release|Any CPU.ActiveCfg = Release|Any CPU
		{914AEAFC-955A-4F0A-ACBB-F5BFB0A947D3}.Release|Any CPU.Build.0 = Release|Any CPU
		{8FC2C5D1-F3C5-4C1B-B544-C31117350066}.Debug|Any CPU.ActiveCfg = Debug|Any CPU
		{8FC2C5D1-F3C5-4C1B-B544-C31117350066}.Debug|Any CPU.Build.0 = Debug|Any CPU
		{8FC2C5D1-F3C5-4C1B-B544-C31117350066}.Release|Any CPU.ActiveCfg = Release|Any CPU
		{8FC2C5D1-F3C5-4C1B-B544-C31117350066}.Release|Any CPU.Build.0 = Release|Any CPU
		{80542EFC-E04D-496F-ABCB-54D5B4DA0199}.Debug|Any CPU.ActiveCfg = Debug|Any CPU
		{80542EFC-E04D-496F-ABCB-54D5B4DA0199}.Debug|Any CPU.Build.0 = Debug|Any CPU
		{80542EFC-E04D-496F-ABCB-54D5B4DA0199}.Release|Any CPU.ActiveCfg = Release|Any CPU
		{80542EFC-E04D-496F-ABCB-54D5B4DA0199}.Release|Any CPU.Build.0 = Release|Any CPU
		{27DD4714-3510-4182-AB3A-C1305EDA57DA}.Debug|Any CPU.ActiveCfg = Debug|Any CPU
		{27DD4714-3510-4182-AB3A-C1305EDA57DA}.Debug|Any CPU.Build.0 = Debug|Any CPU
		{27DD4714-3510-4182-AB3A-C1305EDA57DA}.Release|Any CPU.ActiveCfg = Release|Any CPU
		{27DD4714-3510-4182-AB3A-C1305EDA57DA}.Release|Any CPU.Build.0 = Release|Any CPU
		{04F2D248-DDF2-4B53-BF03-904F204CD696}.Debug|Any CPU.ActiveCfg = Debug|Any CPU
		{04F2D248-DDF2-4B53-BF03-904F204CD696}.Debug|Any CPU.Build.0 = Debug|Any CPU
		{04F2D248-DDF2-4B53-BF03-904F204CD696}.Release|Any CPU.ActiveCfg = Release|Any CPU
		{04F2D248-DDF2-4B53-BF03-904F204CD696}.Release|Any CPU.Build.0 = Release|Any CPU
		{416E866B-8B41-4B5C-B919-8162C8044534}.Debug|Any CPU.ActiveCfg = Debug|Any CPU
		{416E866B-8B41-4B5C-B919-8162C8044534}.Debug|Any CPU.Build.0 = Debug|Any CPU
		{416E866B-8B41-4B5C-B919-8162C8044534}.Release|Any CPU.ActiveCfg = Release|Any CPU
		{416E866B-8B41-4B5C-B919-8162C8044534}.Release|Any CPU.Build.0 = Release|Any CPU
		{B4461E6B-81ED-4C3D-86D6-03C2B367DB15}.Debug|Any CPU.ActiveCfg = Debug|Any CPU
		{B4461E6B-81ED-4C3D-86D6-03C2B367DB15}.Debug|Any CPU.Build.0 = Debug|Any CPU
		{B4461E6B-81ED-4C3D-86D6-03C2B367DB15}.Release|Any CPU.ActiveCfg = Release|Any CPU
		{B4461E6B-81ED-4C3D-86D6-03C2B367DB15}.Release|Any CPU.Build.0 = Release|Any CPU
		{A4EAB4B8-096D-4F4F-85E1-A1385B26680B}.Debug|Any CPU.ActiveCfg = Debug|Any CPU
		{A4EAB4B8-096D-4F4F-85E1-A1385B26680B}.Debug|Any CPU.Build.0 = Debug|Any CPU
		{A4EAB4B8-096D-4F4F-85E1-A1385B26680B}.Release|Any CPU.ActiveCfg = Release|Any CPU
		{A4EAB4B8-096D-4F4F-85E1-A1385B26680B}.Release|Any CPU.Build.0 = Release|Any CPU
		{AD46BEF0-33C8-4994-B242-0D9E4C50488F}.Debug|Any CPU.ActiveCfg = Debug|Any CPU
		{AD46BEF0-33C8-4994-B242-0D9E4C50488F}.Debug|Any CPU.Build.0 = Debug|Any CPU
		{AD46BEF0-33C8-4994-B242-0D9E4C50488F}.Release|Any CPU.ActiveCfg = Release|Any CPU
		{AD46BEF0-33C8-4994-B242-0D9E4C50488F}.Release|Any CPU.Build.0 = Release|Any CPU
		{98AE3491-7D34-498B-8A8F-14BDAAF37AD3}.Debug|Any CPU.ActiveCfg = Debug|Any CPU
		{98AE3491-7D34-498B-8A8F-14BDAAF37AD3}.Debug|Any CPU.Build.0 = Debug|Any CPU
		{98AE3491-7D34-498B-8A8F-14BDAAF37AD3}.Release|Any CPU.ActiveCfg = Release|Any CPU
		{98AE3491-7D34-498B-8A8F-14BDAAF37AD3}.Release|Any CPU.Build.0 = Release|Any CPU
		{F15850C7-D623-4CBE-ABE0-07D9822B9326}.Debug|Any CPU.ActiveCfg = Debug|Any CPU
		{F15850C7-D623-4CBE-ABE0-07D9822B9326}.Debug|Any CPU.Build.0 = Debug|Any CPU
		{F15850C7-D623-4CBE-ABE0-07D9822B9326}.Release|Any CPU.ActiveCfg = Release|Any CPU
		{F15850C7-D623-4CBE-ABE0-07D9822B9326}.Release|Any CPU.Build.0 = Release|Any CPU
		{F653DF48-6ED7-45A0-B630-88E783202A64}.Debug|Any CPU.ActiveCfg = Debug|Any CPU
		{F653DF48-6ED7-45A0-B630-88E783202A64}.Debug|Any CPU.Build.0 = Debug|Any CPU
		{F653DF48-6ED7-45A0-B630-88E783202A64}.Release|Any CPU.ActiveCfg = Release|Any CPU
		{F653DF48-6ED7-45A0-B630-88E783202A64}.Release|Any CPU.Build.0 = Release|Any CPU
		{CD62FC9A-42CC-45C8-B3FC-CB72694AE037}.Debug|Any CPU.ActiveCfg = Debug|Any CPU
		{CD62FC9A-42CC-45C8-B3FC-CB72694AE037}.Debug|Any CPU.Build.0 = Debug|Any CPU
		{CD62FC9A-42CC-45C8-B3FC-CB72694AE037}.Release|Any CPU.ActiveCfg = Release|Any CPU
		{CD62FC9A-42CC-45C8-B3FC-CB72694AE037}.Release|Any CPU.Build.0 = Release|Any CPU
		{5F4B51E1-0ADD-4C03-A93A-401BA86D08BA}.Debug|Any CPU.ActiveCfg = Debug|Any CPU
		{5F4B51E1-0ADD-4C03-A93A-401BA86D08BA}.Debug|Any CPU.Build.0 = Debug|Any CPU
		{5F4B51E1-0ADD-4C03-A93A-401BA86D08BA}.Release|Any CPU.ActiveCfg = Release|Any CPU
		{5F4B51E1-0ADD-4C03-A93A-401BA86D08BA}.Release|Any CPU.Build.0 = Release|Any CPU
		{1E9B31E9-EA9D-4A82-B207-00E8B275EFD4}.Debug|Any CPU.ActiveCfg = Debug|Any CPU
		{1E9B31E9-EA9D-4A82-B207-00E8B275EFD4}.Debug|Any CPU.Build.0 = Debug|Any CPU
		{1E9B31E9-EA9D-4A82-B207-00E8B275EFD4}.Release|Any CPU.ActiveCfg = Release|Any CPU
		{1E9B31E9-EA9D-4A82-B207-00E8B275EFD4}.Release|Any CPU.Build.0 = Release|Any CPU
		{E36DAC0D-8A2D-49AA-B9C4-E74CAB0660B0}.Debug|Any CPU.ActiveCfg = Debug|Any CPU
		{E36DAC0D-8A2D-49AA-B9C4-E74CAB0660B0}.Debug|Any CPU.Build.0 = Debug|Any CPU
		{E36DAC0D-8A2D-49AA-B9C4-E74CAB0660B0}.Release|Any CPU.ActiveCfg = Release|Any CPU
		{E36DAC0D-8A2D-49AA-B9C4-E74CAB0660B0}.Release|Any CPU.Build.0 = Release|Any CPU
		{98156A5E-1B4A-46EF-AA84-019868425D80}.Debug|Any CPU.ActiveCfg = Debug|Any CPU
		{98156A5E-1B4A-46EF-AA84-019868425D80}.Debug|Any CPU.Build.0 = Debug|Any CPU
		{98156A5E-1B4A-46EF-AA84-019868425D80}.Release|Any CPU.ActiveCfg = Release|Any CPU
		{98156A5E-1B4A-46EF-AA84-019868425D80}.Release|Any CPU.Build.0 = Release|Any CPU
		{C3D35ED4-8C81-449B-B732-3F0EE1FD6C7A}.Debug|Any CPU.ActiveCfg = Debug|Any CPU
		{C3D35ED4-8C81-449B-B732-3F0EE1FD6C7A}.Debug|Any CPU.Build.0 = Debug|Any CPU
		{C3D35ED4-8C81-449B-B732-3F0EE1FD6C7A}.Release|Any CPU.ActiveCfg = Release|Any CPU
		{C3D35ED4-8C81-449B-B732-3F0EE1FD6C7A}.Release|Any CPU.Build.0 = Release|Any CPU
	EndGlobalSection
	GlobalSection(SolutionProperties) = preSolution
		HideSolutionNode = FALSE
	EndGlobalSection
	GlobalSection(NestedProjects) = preSolution
		{E4A3801B-40B3-4794-840B-9841A45FA8FD} = {A547A63E-8D7A-4E5B-ACE2-BEE634E194DE}
		{D435A0DF-60B3-4F9D-A23F-EB51A8435AEF} = {A547A63E-8D7A-4E5B-ACE2-BEE634E194DE}
		{F3F14E6B-DFC9-45AA-A8A3-BA061D134E5E} = {39C995C3-B2C0-45FD-9686-4620A9F92677}
		{F6564F0D-F63D-42A8-B1F2-FECF07309174} = {39C995C3-B2C0-45FD-9686-4620A9F92677}
		{19886529-479B-4166-8C49-1B4304EE8469} = {39C995C3-B2C0-45FD-9686-4620A9F92677}
		{87EB4749-78E0-49A7-9364-B0FD65358DE0} = {39C995C3-B2C0-45FD-9686-4620A9F92677}
		{A830F88B-B120-4F14-85B5-167C142146C4} = {576880B0-A648-40EC-ACE1-7C98752FFF00}
		{FA4949E4-B48C-47A6-B5E4-60039063EC03} = {576880B0-A648-40EC-ACE1-7C98752FFF00}
		{A85ECE5A-AD79-46C2-9859-B22244D70B8F} = {28B7D0BB-1971-4802-BC40-28297D644B26}
		{8F60DA58-14AD-4252-821D-903C74BAF7C7} = {28B7D0BB-1971-4802-BC40-28297D644B26}
		{02E75A8A-722A-4EF0-8323-9346CCE8131F} = {28B7D0BB-1971-4802-BC40-28297D644B26}
		{12CCCE8E-22C0-4B3D-A627-D5E16AED0FE8} = {28B7D0BB-1971-4802-BC40-28297D644B26}
		{32277F23-625A-4390-AC10-951BDC4EEF92} = {28B7D0BB-1971-4802-BC40-28297D644B26}
		{1CA0326B-82A4-437E-8B7A-06BBC72BCDFE} = {28B7D0BB-1971-4802-BC40-28297D644B26}
		{B29516FF-08E3-45C3-A127-ADA72F771375} = {28B7D0BB-1971-4802-BC40-28297D644B26}
		{1C783753-4AF3-481F-A11D-640A92D64B47} = {28B7D0BB-1971-4802-BC40-28297D644B26}
		{B4363C63-6E2E-4B1F-8B91-99C932D239AD} = {388AA38D-B40C-4D92-8B4E-89FB85E4E495}
		{ECAA13A1-45A2-4821-9A26-2E7F274925E6} = {388AA38D-B40C-4D92-8B4E-89FB85E4E495}
		{CD8FFFA2-482E-4720-85B1-636B8693C730} = {C857F3ED-A6AE-47C6-A115-87ECCB36AC02}
		{41E66682-EE7B-4344-BDE1-FB24EBD131BC} = {C857F3ED-A6AE-47C6-A115-87ECCB36AC02}
		{6AE0BD56-83C5-490B-BEB5-0CEFC2F82F80} = {C857F3ED-A6AE-47C6-A115-87ECCB36AC02}
		{2089DB36-EA45-4B43-A890-50CFBE08BEEC} = {C857F3ED-A6AE-47C6-A115-87ECCB36AC02}
		{910D7EC6-F60D-4DE6-BDD6-4BBFC2755E73} = {C857F3ED-A6AE-47C6-A115-87ECCB36AC02}
		{03158C74-6AA3-43D6-BBD1-DE8072AC67D6} = {C857F3ED-A6AE-47C6-A115-87ECCB36AC02}
		{F73D6CB8-C728-4B42-8085-68C840515C71} = {C857F3ED-A6AE-47C6-A115-87ECCB36AC02}
		{ACCAEB5A-FA4D-459A-90E0-8B4154FB5BE9} = {C857F3ED-A6AE-47C6-A115-87ECCB36AC02}
		{914AEAFC-955A-4F0A-ACBB-F5BFB0A947D3} = {C857F3ED-A6AE-47C6-A115-87ECCB36AC02}
		{8FC2C5D1-F3C5-4C1B-B544-C31117350066} = {C857F3ED-A6AE-47C6-A115-87ECCB36AC02}
		{80542EFC-E04D-496F-ABCB-54D5B4DA0199} = {C857F3ED-A6AE-47C6-A115-87ECCB36AC02}
		{27DD4714-3510-4182-AB3A-C1305EDA57DA} = {C857F3ED-A6AE-47C6-A115-87ECCB36AC02}
		{04F2D248-DDF2-4B53-BF03-904F204CD696} = {C857F3ED-A6AE-47C6-A115-87ECCB36AC02}
		{416E866B-8B41-4B5C-B919-8162C8044534} = {28B7D0BB-1971-4802-BC40-28297D644B26}
		{B4461E6B-81ED-4C3D-86D6-03C2B367DB15} = {C857F3ED-A6AE-47C6-A115-87ECCB36AC02}
		{A4EAB4B8-096D-4F4F-85E1-A1385B26680B} = {F18E275B-4805-4DCB-BE31-ACC314FB508E}
		{AD46BEF0-33C8-4994-B242-0D9E4C50488F} = {F18E275B-4805-4DCB-BE31-ACC314FB508E}
		{98AE3491-7D34-498B-8A8F-14BDAAF37AD3} = {F18E275B-4805-4DCB-BE31-ACC314FB508E}
		{F15850C7-D623-4CBE-ABE0-07D9822B9326} = {F18E275B-4805-4DCB-BE31-ACC314FB508E}
		{F653DF48-6ED7-45A0-B630-88E783202A64} = {28B7D0BB-1971-4802-BC40-28297D644B26}
		{CD62FC9A-42CC-45C8-B3FC-CB72694AE037} = {94285572-6875-4A9C-AFC4-987758DC9088}
		{5F4B51E1-0ADD-4C03-A93A-401BA86D08BA} = {94285572-6875-4A9C-AFC4-987758DC9088}
		{1E9B31E9-EA9D-4A82-B207-00E8B275EFD4} = {94285572-6875-4A9C-AFC4-987758DC9088}
		{E36DAC0D-8A2D-49AA-B9C4-E74CAB0660B0} = {94285572-6875-4A9C-AFC4-987758DC9088}
		{98156A5E-1B4A-46EF-AA84-019868425D80} = {94285572-6875-4A9C-AFC4-987758DC9088}
		{C3D35ED4-8C81-449B-B732-3F0EE1FD6C7A} = {C857F3ED-A6AE-47C6-A115-87ECCB36AC02}
	EndGlobalSection
	GlobalSection(ExtensibilityGlobals) = postSolution
		SolutionGuid = {060512DD-34DA-4929-A67F-2E473577FBF5}
	EndGlobalSection
EndGlobal
